
Microsoft Visual Studio Solution File, Format Version 12.00
# Visual Studio 15
VisualStudioVersion = 15.0.28307.1000
MinimumVisualStudioVersion = 10.0.40219.1
Project("{FAE04EC0-301F-11D3-BF4B-00C04F79EFBC}") = "KelakDemo", "KelakDemo\KelakDemo.csproj", "{2AF85B25-A06B-4224-BD55-D7E03F63EE1C}"
EndProject
Global
	GlobalSection(SolutionConfigurationPlatforms) = preSolution
		Debug|Any CPU = Debug|Any CPU
		Release|Any CPU = Release|Any CPU
	EndGlobalSection
	GlobalSection(ProjectConfigurationPlatforms) = postSolution
		{2AF85B25-A06B-4224-BD55-D7E03F63EE1C}.Debug|Any CPU.ActiveCfg = Debug|Any CPU
		{2AF85B25-A06B-4224-BD55-D7E03F63EE1C}.Debug|Any CPU.Build.0 = Debug|Any CPU
		{2AF85B25-A06B-4224-BD55-D7E03F63EE1C}.Release|Any CPU.ActiveCfg = Release|Any CPU
		{2AF85B25-A06B-4224-BD55-D7E03F63EE1C}.Release|Any CPU.Build.0 = Release|Any CPU
	EndGlobalSection
	GlobalSection(SolutionProperties) = preSolution
		HideSolutionNode = FALSE
	EndGlobalSection
	GlobalSection(ExtensibilityGlobals) = postSolution
		SolutionGuid = {03AD5920-0047-432A-91F6-FE50B0B7EF9E}
	EndGlobalSection
EndGlobal
